
Microsoft Visual Studio Solution File, Format Version 12.00
# Visual Studio Version 17
VisualStudioVersion = 17.7.34031.279
MinimumVisualStudioVersion = 10.0.40219.1
Project("{FAE04EC0-301F-11D3-BF4B-00C04F79EFBC}") = "Server", "Server\Server.csproj", "{C2E7E48F-A15C-4404-B9BD-2C3D8FCF8C6E}"
EndProject
Project("{FAE04EC0-301F-11D3-BF4B-00C04F79EFBC}") = "Contracts", "Contracts\Contracts.csproj", "{8073A25D-58F7-476E-83E0-EAFF4BECB77E}"
EndProject
Project("{FAE04EC0-301F-11D3-BF4B-00C04F79EFBC}") = "Entities", "Entities\Entities.csproj", "{D0C0AD2E-A8B2-428C-8CF7-1B20F30CD2A3}"
EndProject
Project("{FAE04EC0-301F-11D3-BF4B-00C04F79EFBC}") = "Repository", "Repository\Repository.csproj", "{3EE0A249-111F-4899-9B82-8FBE507F071C}"
EndProject
Project("{FAE04EC0-301F-11D3-BF4B-00C04F79EFBC}") = "Services", "Services\Services.csproj", "{7AEEF212-0E96-46D7-B75B-B20528F1C257}"
EndProject
Global
	GlobalSection(SolutionConfigurationPlatforms) = preSolution
		Debug|Any CPU = Debug|Any CPU
		Release|Any CPU = Release|Any CPU
	EndGlobalSection
	GlobalSection(ProjectConfigurationPlatforms) = postSolution
		{C2E7E48F-A15C-4404-B9BD-2C3D8FCF8C6E}.Debug|Any CPU.ActiveCfg = Debug|Any CPU
		{C2E7E48F-A15C-4404-B9BD-2C3D8FCF8C6E}.Debug|Any CPU.Build.0 = Debug|Any CPU
		{C2E7E48F-A15C-4404-B9BD-2C3D8FCF8C6E}.Release|Any CPU.ActiveCfg = Release|Any CPU
		{C2E7E48F-A15C-4404-B9BD-2C3D8FCF8C6E}.Release|Any CPU.Build.0 = Release|Any CPU
		{8073A25D-58F7-476E-83E0-EAFF4BECB77E}.Debug|Any CPU.ActiveCfg = Debug|Any CPU
		{8073A25D-58F7-476E-83E0-EAFF4BECB77E}.Debug|Any CPU.Build.0 = Debug|Any CPU
		{8073A25D-58F7-476E-83E0-EAFF4BECB77E}.Release|Any CPU.ActiveCfg = Release|Any CPU
		{8073A25D-58F7-476E-83E0-EAFF4BECB77E}.Release|Any CPU.Build.0 = Release|Any CPU
		{D0C0AD2E-A8B2-428C-8CF7-1B20F30CD2A3}.Debug|Any CPU.ActiveCfg = Debug|Any CPU
		{D0C0AD2E-A8B2-428C-8CF7-1B20F30CD2A3}.Debug|Any CPU.Build.0 = Debug|Any CPU
		{D0C0AD2E-A8B2-428C-8CF7-1B20F30CD2A3}.Release|Any CPU.ActiveCfg = Release|Any CPU
		{D0C0AD2E-A8B2-428C-8CF7-1B20F30CD2A3}.Release|Any CPU.Build.0 = Release|Any CPU
		{3EE0A249-111F-4899-9B82-8FBE507F071C}.Debug|Any CPU.ActiveCfg = Debug|Any CPU
		{3EE0A249-111F-4899-9B82-8FBE507F071C}.Debug|Any CPU.Build.0 = Debug|Any CPU
		{3EE0A249-111F-4899-9B82-8FBE507F071C}.Release|Any CPU.ActiveCfg = Release|Any CPU
		{3EE0A249-111F-4899-9B82-8FBE507F071C}.Release|Any CPU.Build.0 = Release|Any CPU
		{7AEEF212-0E96-46D7-B75B-B20528F1C257}.Debug|Any CPU.ActiveCfg = Debug|Any CPU
		{7AEEF212-0E96-46D7-B75B-B20528F1C257}.Debug|Any CPU.Build.0 = Debug|Any CPU
		{7AEEF212-0E96-46D7-B75B-B20528F1C257}.Release|Any CPU.ActiveCfg = Release|Any CPU
		{7AEEF212-0E96-46D7-B75B-B20528F1C257}.Release|Any CPU.Build.0 = Release|Any CPU
	EndGlobalSection
	GlobalSection(SolutionProperties) = preSolution
		HideSolutionNode = FALSE
	EndGlobalSection
	GlobalSection(ExtensibilityGlobals) = postSolution
		SolutionGuid = {5AC64294-7B32-4B4E-A2E3-5D10AC8FB97F}
	EndGlobalSection
EndGlobal
